
Microsoft Visual Studio Solution File, Format Version 12.00
# Visual Studio Version 17
VisualStudioVersion = 17.13.35825.156 d17.13
MinimumVisualStudioVersion = 10.0.40219.1
Project("{FAE04EC0-301F-11D3-BF4B-00C04F79EFBC}") = "CryptoGridTradingBot", "CryptoGridTradingBot\CryptoGridTradingBot.csproj", "{AE586E1E-769D-49A8-A59E-C2DB99215765}"
EndProject
Global
	GlobalSection(SolutionConfigurationPlatforms) = preSolution
		Debug|Any CPU = Debug|Any CPU
		Release|Any CPU = Release|Any CPU
	EndGlobalSection
	GlobalSection(ProjectConfigurationPlatforms) = postSolution
		{AE586E1E-769D-49A8-A59E-C2DB99215765}.Debug|Any CPU.ActiveCfg = Debug|Any CPU
		{AE586E1E-769D-49A8-A59E-C2DB99215765}.Debug|Any CPU.Build.0 = Debug|Any CPU
		{AE586E1E-769D-49A8-A59E-C2DB99215765}.Release|Any CPU.ActiveCfg = Release|Any CPU
		{AE586E1E-769D-49A8-A59E-C2DB99215765}.Release|Any CPU.Build.0 = Release|Any CPU
	EndGlobalSection
	GlobalSection(SolutionProperties) = preSolution
		HideSolutionNode = FALSE
	EndGlobalSection
	GlobalSection(ExtensibilityGlobals) = postSolution
		SolutionGuid = {9B51BE46-89F9-4CD0-9FBC-26CBB2BA806F}
	EndGlobalSection
EndGlobal
